
Microsoft Visual Studio Solution File, Format Version 12.00
# Visual Studio Version 16
VisualStudioVersion = 16.0.30626.31
MinimumVisualStudioVersion = 10.0.40219.1
Project("{FAE04EC0-301F-11D3-BF4B-00C04F79EFBC}") = "LosGatos.UWP", "LosGatos\LosGatos.UWP\LosGatos.UWP.csproj", "{3235324A-D603-4AD3-9E75-E2CABEE39211}"
EndProject
Project("{FAE04EC0-301F-11D3-BF4B-00C04F79EFBC}") = "LosGatos.Android", "LosGatos\LosGatos.Android\LosGatos.Android.csproj", "{93DEDDD3-A624-4A9B-A826-F0D06AB8009C}"
EndProject
Project("{FAE04EC0-301F-11D3-BF4B-00C04F79EFBC}") = "LosGatos.iOS", "LosGatos\LosGatos.iOS\LosGatos.iOS.csproj", "{3E0A2D3D-4A45-4441-A625-68927F4C4306}"
EndProject
Project("{FAE04EC0-301F-11D3-BF4B-00C04F79EFBC}") = "LosGatos", "LosGatos\LosGatos\LosGatos.csproj", "{91F56D2B-9335-4C0E-B45C-24DAADF6C1C8}"
EndProject
Global
	GlobalSection(SolutionConfigurationPlatforms) = preSolution
		Debug|Any CPU = Debug|Any CPU
		Debug|ARM = Debug|ARM
		Debug|iPhone = Debug|iPhone
		Debug|iPhoneSimulator = Debug|iPhoneSimulator
		Debug|x64 = Debug|x64
		Debug|x86 = Debug|x86
		Release|Any CPU = Release|Any CPU
		Release|ARM = Release|ARM
		Release|iPhone = Release|iPhone
		Release|iPhoneSimulator = Release|iPhoneSimulator
		Release|x64 = Release|x64
		Release|x86 = Release|x86
	EndGlobalSection
	GlobalSection(ProjectConfigurationPlatforms) = postSolution
		{3235324A-D603-4AD3-9E75-E2CABEE39211}.Debug|Any CPU.ActiveCfg = Debug|x86
		{3235324A-D603-4AD3-9E75-E2CABEE39211}.Debug|Any CPU.Build.0 = Debug|x86
		{3235324A-D603-4AD3-9E75-E2CABEE39211}.Debug|Any CPU.Deploy.0 = Debug|x86
		{3235324A-D603-4AD3-9E75-E2CABEE39211}.Debug|ARM.ActiveCfg = Debug|ARM
		{3235324A-D603-4AD3-9E75-E2CABEE39211}.Debug|ARM.Build.0 = Debug|ARM
		{3235324A-D603-4AD3-9E75-E2CABEE39211}.Debug|ARM.Deploy.0 = Debug|ARM
		{3235324A-D603-4AD3-9E75-E2CABEE39211}.Debug|iPhone.ActiveCfg = Debug|x86
		{3235324A-D603-4AD3-9E75-E2CABEE39211}.Debug|iPhone.Build.0 = Debug|x86
		{3235324A-D603-4AD3-9E75-E2CABEE39211}.Debug|iPhone.Deploy.0 = Debug|x86
		{3235324A-D603-4AD3-9E75-E2CABEE39211}.Debug|iPhoneSimulator.ActiveCfg = Debug|x86
		{3235324A-D603-4AD3-9E75-E2CABEE39211}.Debug|iPhoneSimulator.Build.0 = Debug|x86
		{3235324A-D603-4AD3-9E75-E2CABEE39211}.Debug|iPhoneSimulator.Deploy.0 = Debug|x86
		{3235324A-D603-4AD3-9E75-E2CABEE39211}.Debug|x64.ActiveCfg = Debug|x64
		{3235324A-D603-4AD3-9E75-E2CABEE39211}.Debug|x64.Build.0 = Debug|x64
		{3235324A-D603-4AD3-9E75-E2CABEE39211}.Debug|x64.Deploy.0 = Debug|x64
		{3235324A-D603-4AD3-9E75-E2CABEE39211}.Debug|x86.ActiveCfg = Debug|x86
		{3235324A-D603-4AD3-9E75-E2CABEE39211}.Debug|x86.Build.0 = Debug|x86
		{3235324A-D603-4AD3-9E75-E2CABEE39211}.Debug|x86.Deploy.0 = Debug|x86
		{3235324A-D603-4AD3-9E75-E2CABEE39211}.Release|Any CPU.ActiveCfg = Release|x86
		{3235324A-D603-4AD3-9E75-E2CABEE39211}.Release|Any CPU.Build.0 = Release|x86
		{3235324A-D603-4AD3-9E75-E2CABEE39211}.Release|Any CPU.Deploy.0 = Release|x86
		{3235324A-D603-4AD3-9E75-E2CABEE39211}.Release|ARM.ActiveCfg = Release|ARM
		{3235324A-D603-4AD3-9E75-E2CABEE39211}.Release|ARM.Build.0 = Release|ARM
		{3235324A-D603-4AD3-9E75-E2CABEE39211}.Release|ARM.Deploy.0 = Release|ARM
		{3235324A-D603-4AD3-9E75-E2CABEE39211}.Release|iPhone.ActiveCfg = Release|x86
		{3235324A-D603-4AD3-9E75-E2CABEE39211}.Release|iPhone.Build.0 = Release|x86
		{3235324A-D603-4AD3-9E75-E2CABEE39211}.Release|iPhone.Deploy.0 = Release|x86
		{3235324A-D603-4AD3-9E75-E2CABEE39211}.Release|iPhoneSimulator.ActiveCfg = Release|x86
		{3235324A-D603-4AD3-9E75-E2CABEE39211}.Release|iPhoneSimulator.Build.0 = Release|x86
		{3235324A-D603-4AD3-9E75-E2CABEE39211}.Release|iPhoneSimulator.Deploy.0 = Release|x86
		{3235324A-D603-4AD3-9E75-E2CABEE39211}.Release|x64.ActiveCfg = Release|x64
		{3235324A-D603-4AD3-9E75-E2CABEE39211}.Release|x64.Build.0 = Release|x64
		{3235324A-D603-4AD3-9E75-E2CABEE39211}.Release|x64.Deploy.0 = Release|x64
		{3235324A-D603-4AD3-9E75-E2CABEE39211}.Release|x86.ActiveCfg = Release|x86
		{3235324A-D603-4AD3-9E75-E2CABEE39211}.Release|x86.Build.0 = Release|x86
		{3235324A-D603-4AD3-9E75-E2CABEE39211}.Release|x86.Deploy.0 = Release|x86
		{93DEDDD3-A624-4A9B-A826-F0D06AB8009C}.Debug|Any CPU.ActiveCfg = Debug|Any CPU
		{93DEDDD3-A624-4A9B-A826-F0D06AB8009C}.Debug|Any CPU.Build.0 = Debug|Any CPU
		{93DEDDD3-A624-4A9B-A826-F0D06AB8009C}.Debug|Any CPU.Deploy.0 = Debug|Any CPU
		{93DEDDD3-A624-4A9B-A826-F0D06AB8009C}.Debug|ARM.ActiveCfg = Debug|Any CPU
		{93DEDDD3-A624-4A9B-A826-F0D06AB8009C}.Debug|ARM.Build.0 = Debug|Any CPU
		{93DEDDD3-A624-4A9B-A826-F0D06AB8009C}.Debug|ARM.Deploy.0 = Debug|Any CPU
		{93DEDDD3-A624-4A9B-A826-F0D06AB8009C}.Debug|iPhone.ActiveCfg = Debug|Any CPU
		{93DEDDD3-A624-4A9B-A826-F0D06AB8009C}.Debug|iPhone.Build.0 = Debug|Any CPU
		{93DEDDD3-A624-4A9B-A826-F0D06AB8009C}.Debug|iPhone.Deploy.0 = Debug|Any CPU
		{93DEDDD3-A624-4A9B-A826-F0D06AB8009C}.Debug|iPhoneSimulator.ActiveCfg = Debug|Any CPU
		{93DEDDD3-A624-4A9B-A826-F0D06AB8009C}.Debug|iPhoneSimulator.Build.0 = Debug|Any CPU
		{93DEDDD3-A624-4A9B-A826-F0D06AB8009C}.Debug|iPhoneSimulator.Deploy.0 = Debug|Any CPU
		{93DEDDD3-A624-4A9B-A826-F0D06AB8009C}.Debug|x64.ActiveCfg = Debug|Any CPU
		{93DEDDD3-A624-4A9B-A826-F0D06AB8009C}.Debug|x64.Build.0 = Debug|Any CPU
		{93DEDDD3-A624-4A9B-A826-F0D06AB8009C}.Debug|x64.Deploy.0 = Debug|Any CPU
		{93DEDDD3-A624-4A9B-A826-F0D06AB8009C}.Debug|x86.ActiveCfg = Debug|Any CPU
		{93DEDDD3-A624-4A9B-A826-F0D06AB8009C}.Debug|x86.Build.0 = Debug|Any CPU
		{93DEDDD3-A624-4A9B-A826-F0D06AB8009C}.Debug|x86.Deploy.0 = Debug|Any CPU
		{93DEDDD3-A624-4A9B-A826-F0D06AB8009C}.Release|Any CPU.ActiveCfg = Release|Any CPU
		{93DEDDD3-A624-4A9B-A826-F0D06AB8009C}.Release|Any CPU.Build.0 = Release|Any CPU
		{93DEDDD3-A624-4A9B-A826-F0D06AB8009C}.Release|Any CPU.Deploy.0 = Release|Any CPU
		{93DEDDD3-A624-4A9B-A826-F0D06AB8009C}.Release|ARM.ActiveCfg = Release|Any CPU
		{93DEDDD3-A624-4A9B-A826-F0D06AB8009C}.Release|ARM.Build.0 = Release|Any CPU
		{93DEDDD3-A624-4A9B-A826-F0D06AB8009C}.Release|ARM.Deploy.0 = Release|Any CPU
		{93DEDDD3-A624-4A9B-A826-F0D06AB8009C}.Release|iPhone.ActiveCfg = Release|Any CPU
		{93DEDDD3-A624-4A9B-A826-F0D06AB8009C}.Release|iPhone.Build.0 = Release|Any CPU
		{93DEDDD3-A624-4A9B-A826-F0D06AB8009C}.Release|iPhone.Deploy.0 = Release|Any CPU
		{93DEDDD3-A624-4A9B-A826-F0D06AB8009C}.Release|iPhoneSimulator.ActiveCfg = Release|Any CPU
		{93DEDDD3-A624-4A9B-A826-F0D06AB8009C}.Release|iPhoneSimulator.Build.0 = Release|Any CPU
		{93DEDDD3-A624-4A9B-A826-F0D06AB8009C}.Release|iPhoneSimulator.Deploy.0 = Release|Any CPU
		{93DEDDD3-A624-4A9B-A826-F0D06AB8009C}.Release|x64.ActiveCfg = Release|Any CPU
		{93DEDDD3-A624-4A9B-A826-F0D06AB8009C}.Release|x64.Build.0 = Release|Any CPU
		{93DEDDD3-A624-4A9B-A826-F0D06AB8009C}.Release|x64.Deploy.0 = Release|Any CPU
		{93DEDDD3-A624-4A9B-A826-F0D06AB8009C}.Release|x86.ActiveCfg = Release|Any CPU
		{93DEDDD3-A624-4A9B-A826-F0D06AB8009C}.Release|x86.Build.0 = Release|Any CPU
		{93DEDDD3-A624-4A9B-A826-F0D06AB8009C}.Release|x86.Deploy.0 = Release|Any CPU
		{3E0A2D3D-4A45-4441-A625-68927F4C4306}.Debug|Any CPU.ActiveCfg = Debug|iPhoneSimulator
		{3E0A2D3D-4A45-4441-A625-68927F4C4306}.Debug|Any CPU.Build.0 = Debug|iPhoneSimulator
		{3E0A2D3D-4A45-4441-A625-68927F4C4306}.Debug|Any CPU.Deploy.0 = Debug|iPhoneSimulator
		{3E0A2D3D-4A45-4441-A625-68927F4C4306}.Debug|ARM.ActiveCfg = Debug|iPhone
		{3E0A2D3D-4A45-4441-A625-68927F4C4306}.Debug|ARM.Build.0 = Debug|iPhone
		{3E0A2D3D-4A45-4441-A625-68927F4C4306}.Debug|ARM.Deploy.0 = Debug|iPhone
		{3E0A2D3D-4A45-4441-A625-68927F4C4306}.Debug|iPhone.ActiveCfg = Debug|iPhone
		{3E0A2D3D-4A45-4441-A625-68927F4C4306}.Debug|iPhone.Build.0 = Debug|iPhone
		{3E0A2D3D-4A45-4441-A625-68927F4C4306}.Debug|iPhone.Deploy.0 = Debug|iPhone
		{3E0A2D3D-4A45-4441-A625-68927F4C4306}.Debug|iPhoneSimulator.ActiveCfg = Debug|iPhoneSimulator
		{3E0A2D3D-4A45-4441-A625-68927F4C4306}.Debug|iPhoneSimulator.Build.0 = Debug|iPhoneSimulator
		{3E0A2D3D-4A45-4441-A625-68927F4C4306}.Debug|iPhoneSimulator.Deploy.0 = Debug|iPhoneSimulator
		{3E0A2D3D-4A45-4441-A625-68927F4C4306}.Debug|x64.ActiveCfg = Debug|iPhoneSimulator
		{3E0A2D3D-4A45-4441-A625-68927F4C4306}.Debug|x64.Build.0 = Debug|iPhoneSimulator
		{3E0A2D3D-4A45-4441-A625-68927F4C4306}.Debug|x64.Deploy.0 = Debug|iPhoneSimulator
		{3E0A2D3D-4A45-4441-A625-68927F4C4306}.Debug|x86.ActiveCfg = Debug|iPhoneSimulator
		{3E0A2D3D-4A45-4441-A625-68927F4C4306}.Debug|x86.Build.0 = Debug|iPhoneSimulator
		{3E0A2D3D-4A45-4441-A625-68927F4C4306}.Debug|x86.Deploy.0 = Debug|iPhoneSimulator
		{3E0A2D3D-4A45-4441-A625-68927F4C4306}.Release|Any CPU.ActiveCfg = Release|iPhoneSimulator
		{3E0A2D3D-4A45-4441-A625-68927F4C4306}.Release|Any CPU.Build.0 = Release|iPhoneSimulator
		{3E0A2D3D-4A45-4441-A625-68927F4C4306}.Release|Any CPU.Deploy.0 = Release|iPhoneSimulator
		{3E0A2D3D-4A45-4441-A625-68927F4C4306}.Release|ARM.ActiveCfg = Release|iPhoneSimulator
		{3E0A2D3D-4A45-4441-A625-68927F4C4306}.Release|ARM.Build.0 = Release|iPhoneSimulator
		{3E0A2D3D-4A45-4441-A625-68927F4C4306}.Release|ARM.Deploy.0 = Release|iPhoneSimulator
		{3E0A2D3D-4A45-4441-A625-68927F4C4306}.Release|iPhone.ActiveCfg = Release|iPhone
		{3E0A2D3D-4A45-4441-A625-68927F4C4306}.Release|iPhone.Build.0 = Release|iPhone
		{3E0A2D3D-4A45-4441-A625-68927F4C4306}.Release|iPhone.Deploy.0 = Release|iPhone
		{3E0A2D3D-4A45-4441-A625-68927F4C4306}.Release|iPhoneSimulator.ActiveCfg = Release|iPhoneSimulator
		{3E0A2D3D-4A45-4441-A625-68927F4C4306}.Release|iPhoneSimulator.Build.0 = Release|iPhoneSimulator
		{3E0A2D3D-4A45-4441-A625-68927F4C4306}.Release|iPhoneSimulator.Deploy.0 = Release|iPhoneSimulator
		{3E0A2D3D-4A45-4441-A625-68927F4C4306}.Release|x64.ActiveCfg = Release|iPhoneSimulator
		{3E0A2D3D-4A45-4441-A625-68927F4C4306}.Release|x64.Build.0 = Release|iPhoneSimulator
		{3E0A2D3D-4A45-4441-A625-68927F4C4306}.Release|x64.Deploy.0 = Release|iPhoneSimulator
		{3E0A2D3D-4A45-4441-A625-68927F4C4306}.Release|x86.ActiveCfg = Release|iPhoneSimulator
		{3E0A2D3D-4A45-4441-A625-68927F4C4306}.Release|x86.Build.0 = Release|iPhoneSimulator
		{3E0A2D3D-4A45-4441-A625-68927F4C4306}.Release|x86.Deploy.0 = Release|iPhoneSimulator
		{91F56D2B-9335-4C0E-B45C-24DAADF6C1C8}.Debug|Any CPU.ActiveCfg = Debug|Any CPU
		{91F56D2B-9335-4C0E-B45C-24DAADF6C1C8}.Debug|Any CPU.Build.0 = Debug|Any CPU
		{91F56D2B-9335-4C0E-B45C-24DAADF6C1C8}.Debug|Any CPU.Deploy.0 = Debug|Any CPU
		{91F56D2B-9335-4C0E-B45C-24DAADF6C1C8}.Debug|ARM.ActiveCfg = Debug|Any CPU
		{91F56D2B-9335-4C0E-B45C-24DAADF6C1C8}.Debug|ARM.Build.0 = Debug|Any CPU
		{91F56D2B-9335-4C0E-B45C-24DAADF6C1C8}.Debug|ARM.Deploy.0 = Debug|Any CPU
		{91F56D2B-9335-4C0E-B45C-24DAADF6C1C8}.Debug|iPhone.ActiveCfg = Debug|Any CPU
		{91F56D2B-9335-4C0E-B45C-24DAADF6C1C8}.Debug|iPhone.Build.0 = Debug|Any CPU
		{91F56D2B-9335-4C0E-B45C-24DAADF6C1C8}.Debug|iPhone.Deploy.0 = Debug|Any CPU
		{91F56D2B-9335-4C0E-B45C-24DAADF6C1C8}.Debug|iPhoneSimulator.ActiveCfg = Debug|Any CPU
		{91F56D2B-9335-4C0E-B45C-24DAADF6C1C8}.Debug|iPhoneSimulator.Build.0 = Debug|Any CPU
		{91F56D2B-9335-4C0E-B45C-24DAADF6C1C8}.Debug|iPhoneSimulator.Deploy.0 = Debug|Any CPU
		{91F56D2B-9335-4C0E-B45C-24DAADF6C1C8}.Debug|x64.ActiveCfg = Debug|Any CPU
		{91F56D2B-9335-4C0E-B45C-24DAADF6C1C8}.Debug|x64.Build.0 = Debug|Any CPU
		{91F56D2B-9335-4C0E-B45C-24DAADF6C1C8}.Debug|x64.Deploy.0 = Debug|Any CPU
		{91F56D2B-9335-4C0E-B45C-24DAADF6C1C8}.Debug|x86.ActiveCfg = Debug|Any CPU
		{91F56D2B-9335-4C0E-B45C-24DAADF6C1C8}.Debug|x86.Build.0 = Debug|Any CPU
		{91F56D2B-9335-4C0E-B45C-24DAADF6C1C8}.Debug|x86.Deploy.0 = Debug|Any CPU
		{91F56D2B-9335-4C0E-B45C-24DAADF6C1C8}.Release|Any CPU.ActiveCfg = Release|Any CPU
		{91F56D2B-9335-4C0E-B45C-24DAADF6C1C8}.Release|Any CPU.Build.0 = Release|Any CPU
		{91F56D2B-9335-4C0E-B45C-24DAADF6C1C8}.Release|Any CPU.Deploy.0 = Release|Any CPU
		{91F56D2B-9335-4C0E-B45C-24DAADF6C1C8}.Release|ARM.ActiveCfg = Release|Any CPU
		{91F56D2B-9335-4C0E-B45C-24DAADF6C1C8}.Release|ARM.Build.0 = Release|Any CPU
		{91F56D2B-9335-4C0E-B45C-24DAADF6C1C8}.Release|ARM.Deploy.0 = Release|Any CPU
		{91F56D2B-9335-4C0E-B45C-24DAADF6C1C8}.Release|iPhone.ActiveCfg = Release|Any CPU
		{91F56D2B-9335-4C0E-B45C-24DAADF6C1C8}.Release|iPhone.Build.0 = Release|Any CPU
		{91F56D2B-9335-4C0E-B45C-24DAADF6C1C8}.Release|iPhone.Deploy.0 = Release|Any CPU
		{91F56D2B-9335-4C0E-B45C-24DAADF6C1C8}.Release|iPhoneSimulator.ActiveCfg = Release|Any CPU
		{91F56D2B-9335-4C0E-B45C-24DAADF6C1C8}.Release|iPhoneSimulator.Build.0 = Release|Any CPU
		{91F56D2B-9335-4C0E-B45C-24DAADF6C1C8}.Release|iPhoneSimulator.Deploy.0 = Release|Any CPU
		{91F56D2B-9335-4C0E-B45C-24DAADF6C1C8}.Release|x64.ActiveCfg = Release|Any CPU
		{91F56D2B-9335-4C0E-B45C-24DAADF6C1C8}.Release|x64.Build.0 = Release|Any CPU
		{91F56D2B-9335-4C0E-B45C-24DAADF6C1C8}.Release|x64.Deploy.0 = Release|Any CPU
		{91F56D2B-9335-4C0E-B45C-24DAADF6C1C8}.Release|x86.ActiveCfg = Release|Any CPU
		{91F56D2B-9335-4C0E-B45C-24DAADF6C1C8}.Release|x86.Build.0 = Release|Any CPU
		{91F56D2B-9335-4C0E-B45C-24DAADF6C1C8}.Release|x86.Deploy.0 = Release|Any CPU
	EndGlobalSection
	GlobalSection(SolutionProperties) = preSolution
		HideSolutionNode = FALSE
	EndGlobalSection
	GlobalSection(ExtensibilityGlobals) = postSolution
		SolutionGuid = {C6F7FEB0-45B4-42C2-A3E5-60D063155C7A}
	EndGlobalSection
EndGlobal
